
Microsoft Visual Studio Solution File, Format Version 12.00
# Visual Studio Version 17
VisualStudioVersion = 17.14.36511.14 d17.14
MinimumVisualStudioVersion = 10.0.40219.1
Project("{FAE04EC0-301F-11D3-BF4B-00C04F79EFBC}") = "CodeColosseum.API", "CodeColosseum.API\CodeColosseum.API.csproj", "{959BD3ED-CFDA-4B65-A833-4E61202CB807}"
EndProject
Global
	GlobalSection(SolutionConfigurationPlatforms) = preSolution
		Debug|Any CPU = Debug|Any CPU
		Release|Any CPU = Release|Any CPU
	EndGlobalSection
	GlobalSection(ProjectConfigurationPlatforms) = postSolution
		{959BD3ED-CFDA-4B65-A833-4E61202CB807}.Debug|Any CPU.ActiveCfg = Debug|Any CPU
		{959BD3ED-CFDA-4B65-A833-4E61202CB807}.Debug|Any CPU.Build.0 = Debug|Any CPU
		{959BD3ED-CFDA-4B65-A833-4E61202CB807}.Release|Any CPU.ActiveCfg = Release|Any CPU
		{959BD3ED-CFDA-4B65-A833-4E61202CB807}.Release|Any CPU.Build.0 = Release|Any CPU
	EndGlobalSection
	GlobalSection(SolutionProperties) = preSolution
		HideSolutionNode = FALSE
	EndGlobalSection
	GlobalSection(ExtensibilityGlobals) = postSolution
		SolutionGuid = {B5AB7DC8-1D46-4431-83BF-4CBD0A16032B}
	EndGlobalSection
EndGlobal
